
Microsoft Visual Studio Solution File, Format Version 12.00
# Visual Studio Version 16
VisualStudioVersion = 16.0.31410.357
MinimumVisualStudioVersion = 10.0.40219.1
Project("{FAE04EC0-301F-11D3-BF4B-00C04F79EFBC}") = "RiotSharpExtensions", "RiotSharpExtensions\RiotSharpExtensions.csproj", "{11A9F4CE-7435-40FB-94D5-969DFD656594}"
EndProject
Global
	GlobalSection(SolutionConfigurationPlatforms) = preSolution
		Debug|Any CPU = Debug|Any CPU
		Release|Any CPU = Release|Any CPU
	EndGlobalSection
	GlobalSection(ProjectConfigurationPlatforms) = postSolution
		{11A9F4CE-7435-40FB-94D5-969DFD656594}.Debug|Any CPU.ActiveCfg = Debug|Any CPU
		{11A9F4CE-7435-40FB-94D5-969DFD656594}.Debug|Any CPU.Build.0 = Debug|Any CPU
		{11A9F4CE-7435-40FB-94D5-969DFD656594}.Release|Any CPU.ActiveCfg = Release|Any CPU
		{11A9F4CE-7435-40FB-94D5-969DFD656594}.Release|Any CPU.Build.0 = Release|Any CPU
	EndGlobalSection
	GlobalSection(SolutionProperties) = preSolution
		HideSolutionNode = FALSE
	EndGlobalSection
	GlobalSection(ExtensibilityGlobals) = postSolution
		SolutionGuid = {2EC2349B-73A8-43C2-A191-D40D442DDF0C}
	EndGlobalSection
EndGlobal
